// !$*UTF8*$!
{
	archiveVersion = 1;
	classes = {
	};
	objectVersion = 56;
	objects = {

/* Begin PBXBuildFile section */
		523EEDF02BAEDC4A00A92314 /* CurrencyConvyApp.swift in Sources */ = {isa = PBXBuildFile; fileRef = 523EEDEF2BAEDC4A00A92314 /* CurrencyConvyApp.swift */; };
		523EEDF22BAEDC4A00A92314 /* ConversionsContentView.swift in Sources */ = {isa = PBXBuildFile; fileRef = 523EEDF12BAEDC4A00A92314 /* ConversionsContentView.swift */; };
		523EEDF42BAEDC4A00A92314 /* Item.swift in Sources */ = {isa = PBXBuildFile; fileRef = 523EEDF32BAEDC4A00A92314 /* Item.swift */; };
		523EEDF62BAEDC4C00A92314 /* Assets.xcassets in Resources */ = {isa = PBXBuildFile; fileRef = 523EEDF52BAEDC4C00A92314 /* Assets.xcassets */; };
		523EEDF92BAEDC4C00A92314 /* Preview Assets.xcassets in Resources */ = {isa = PBXBuildFile; fileRef = 523EEDF82BAEDC4C00A92314 /* Preview Assets.xcassets */; };
		523EEE032BAEDC4C00A92314 /* CurrencyConvyTests.swift in Sources */ = {isa = PBXBuildFile; fileRef = 523EEE022BAEDC4C00A92314 /* CurrencyConvyTests.swift */; };
		523EEE0D2BAEDC4C00A92314 /* CurrencyConvyUITests.swift in Sources */ = {isa = PBXBuildFile; fileRef = 523EEE0C2BAEDC4C00A92314 /* CurrencyConvyUITests.swift */; };
		523EEE0F2BAEDC4C00A92314 /* CurrencyConvyUITestsLaunchTests.swift in Sources */ = {isa = PBXBuildFile; fileRef = 523EEE0E2BAEDC4C00A92314 /* CurrencyConvyUITestsLaunchTests.swift */; };
		523EEE1D2BAEE18300A92314 /* ConversionHistoryItem.swift in Sources */ = {isa = PBXBuildFile; fileRef = 523EEE1C2BAEE18300A92314 /* ConversionHistoryItem.swift */; };
		523EEE202BAEE1BF00A92314 /* ConversionHistoryRepository.swift in Sources */ = {isa = PBXBuildFile; fileRef = 523EEE1F2BAEE1BF00A92314 /* ConversionHistoryRepository.swift */; };
		523EEE262BAEE6E200A92314 /* ConversionHistoryView.swift in Sources */ = {isa = PBXBuildFile; fileRef = 523EEE252BAEE6E200A92314 /* ConversionHistoryView.swift */; };
		523EEE292BAEE6FF00A92314 /* ConversionHistorySearchBarView.swift in Sources */ = {isa = PBXBuildFile; fileRef = 523EEE282BAEE6FF00A92314 /* ConversionHistorySearchBarView.swift */; };
		523EEE2F2BAEE92500A92314 /* CurrencyRatesRepository.swift in Sources */ = {isa = PBXBuildFile; fileRef = 523EEE2E2BAEE92500A92314 /* CurrencyRatesRepository.swift */; };
		523EEE322BAEE96400A92314 /* AppConstants.swift in Sources */ = {isa = PBXBuildFile; fileRef = 523EEE312BAEE96400A92314 /* AppConstants.swift */; };
		523EEE3C2BAF1AA000A92314 /* ConversionHistoryRepositoryType.swift in Sources */ = {isa = PBXBuildFile; fileRef = 523EEE3B2BAF1AA000A92314 /* ConversionHistoryRepositoryType.swift */; };
		523EEE3E2BAF1C3500A92314 /* SaveConversionUseCase.swift in Sources */ = {isa = PBXBuildFile; fileRef = 523EEE3D2BAF1C3500A92314 /* SaveConversionUseCase.swift */; };
		523EEE402BAF1D9E00A92314 /* FetchConversionRatesUseCase.swift in Sources */ = {isa = PBXBuildFile; fileRef = 523EEE3F2BAF1D9E00A92314 /* FetchConversionRatesUseCase.swift */; };
		523EEE432BAF1DDD00A92314 /* CurrencyRatesRepositoryType.swift in Sources */ = {isa = PBXBuildFile; fileRef = 523EEE422BAF1DDD00A92314 /* CurrencyRatesRepositoryType.swift */; };
		523EEE462BAF1F9E00A92314 /* Gateway.swift in Sources */ = {isa = PBXBuildFile; fileRef = 523EEE452BAF1F9E00A92314 /* Gateway.swift */; };
		523EEE492BAF1FE600A92314 /* CurrencyRatesRoute.swift in Sources */ = {isa = PBXBuildFile; fileRef = 523EEE482BAF1FE600A92314 /* CurrencyRatesRoute.swift */; };
		523EEE4B2BAF23BA00A92314 /* CurrencyRates.swift in Sources */ = {isa = PBXBuildFile; fileRef = 523EEE4A2BAF23BA00A92314 /* CurrencyRates.swift */; };
		523EEE4D2BAF24C000A92314 /* Loadable.swift in Sources */ = {isa = PBXBuildFile; fileRef = 523EEE4C2BAF24C000A92314 /* Loadable.swift */; };
		525501C92BB014A6006BDABC /* ConversionViewComposition.swift in Sources */ = {isa = PBXBuildFile; fileRef = 525501C82BB014A6006BDABC /* ConversionViewComposition.swift */; };
		525501CC2BB0158D006BDABC /* ConversionsViewModel.swift in Sources */ = {isa = PBXBuildFile; fileRef = 525501CB2BB0158D006BDABC /* ConversionsViewModel.swift */; };
		525501CF2BB020DF006BDABC /* ConversionViewRouter.swift in Sources */ = {isa = PBXBuildFile; fileRef = 525501CE2BB020DF006BDABC /* ConversionViewRouter.swift */; };
		525501D22BB0213A006BDABC /* ConversionsHistoryComposition.swift in Sources */ = {isa = PBXBuildFile; fileRef = 525501D12BB0213A006BDABC /* ConversionsHistoryComposition.swift */; };
		525501D42BB021DD006BDABC /* ConversionsHistoryViewModel.swift in Sources */ = {isa = PBXBuildFile; fileRef = 525501D32BB021DD006BDABC /* ConversionsHistoryViewModel.swift */; };
		525501D62BB023C6006BDABC /* GetConvertionsHistory.swift in Sources */ = {isa = PBXBuildFile; fileRef = 525501D52BB023C6006BDABC /* GetConvertionsHistory.swift */; };
		525501D82BB02719006BDABC /* ConversionOperationModel.swift in Sources */ = {isa = PBXBuildFile; fileRef = 525501D72BB02719006BDABC /* ConversionOperationModel.swift */; };
		525501DC2BB02C26006BDABC /* UIApplication + Keyboard.swift in Sources */ = {isa = PBXBuildFile; fileRef = 525501DB2BB02C26006BDABC /* UIApplication + Keyboard.swift */; };
		525501DE2BB02F9E006BDABC /* CustomError.swift in Sources */ = {isa = PBXBuildFile; fileRef = 525501DD2BB02F9E006BDABC /* CustomError.swift */; };
		525501E02BB03EF3006BDABC /* FavouriteCurrencyUseCase.swift in Sources */ = {isa = PBXBuildFile; fileRef = 525501DF2BB03EF3006BDABC /* FavouriteCurrencyUseCase.swift */; };
/* End PBXBuildFile section */

/* Begin PBXContainerItemProxy section */
		523EEDFF2BAEDC4C00A92314 /* PBXContainerItemProxy */ = {
			isa = PBXContainerItemProxy;
			containerPortal = 523EEDE42BAEDC4A00A92314 /* Project object */;
			proxyType = 1;
			remoteGlobalIDString = 523EEDEB2BAEDC4A00A92314;
			remoteInfo = CurrencyConvy;
		};
		523EEE092BAEDC4C00A92314 /* PBXContainerItemProxy */ = {
			isa = PBXContainerItemProxy;
			containerPortal = 523EEDE42BAEDC4A00A92314 /* Project object */;
			proxyType = 1;
			remoteGlobalIDString = 523EEDEB2BAEDC4A00A92314;
			remoteInfo = CurrencyConvy;
		};
/* End PBXContainerItemProxy section */

/* Begin PBXFileReference section */
		523EEDEC2BAEDC4A00A92314 /* CurrencyConvy.app */ = {isa = PBXFileReference; explicitFileType = wrapper.application; includeInIndex = 0; path = CurrencyConvy.app; sourceTree = BUILT_PRODUCTS_DIR; };
		523EEDEF2BAEDC4A00A92314 /* CurrencyConvyApp.swift */ = {isa = PBXFileReference; lastKnownFileType = sourcecode.swift; path = CurrencyConvyApp.swift; sourceTree = "<group>"; };
		523EEDF12BAEDC4A00A92314 /* ConversionsContentView.swift */ = {isa = PBXFileReference; lastKnownFileType = sourcecode.swift; path = ConversionsContentView.swift; sourceTree = "<group>"; };
		523EEDF32BAEDC4A00A92314 /* Item.swift */ = {isa = PBXFileReference; lastKnownFileType = sourcecode.swift; path = Item.swift; sourceTree = "<group>"; };
		523EEDF52BAEDC4C00A92314 /* Assets.xcassets */ = {isa = PBXFileReference; lastKnownFileType = folder.assetcatalog; path = Assets.xcassets; sourceTree = "<group>"; };
		523EEDF82BAEDC4C00A92314 /* Preview Assets.xcassets */ = {isa = PBXFileReference; lastKnownFileType = folder.assetcatalog; path = "Preview Assets.xcassets"; sourceTree = "<group>"; };
		523EEDFE2BAEDC4C00A92314 /* CurrencyConvyTests.xctest */ = {isa = PBXFileReference; explicitFileType = wrapper.cfbundle; includeInIndex = 0; path = CurrencyConvyTests.xctest; sourceTree = BUILT_PRODUCTS_DIR; };
		523EEE022BAEDC4C00A92314 /* CurrencyConvyTests.swift */ = {isa = PBXFileReference; lastKnownFileType = sourcecode.swift; path = CurrencyConvyTests.swift; sourceTree = "<group>"; };
		523EEE082BAEDC4C00A92314 /* CurrencyConvyUITests.xctest */ = {isa = PBXFileReference; explicitFileType = wrapper.cfbundle; includeInIndex = 0; path = CurrencyConvyUITests.xctest; sourceTree = BUILT_PRODUCTS_DIR; };
		523EEE0C2BAEDC4C00A92314 /* CurrencyConvyUITests.swift */ = {isa = PBXFileReference; lastKnownFileType = sourcecode.swift; path = CurrencyConvyUITests.swift; sourceTree = "<group>"; };
		523EEE0E2BAEDC4C00A92314 /* CurrencyConvyUITestsLaunchTests.swift */ = {isa = PBXFileReference; lastKnownFileType = sourcecode.swift; path = CurrencyConvyUITestsLaunchTests.swift; sourceTree = "<group>"; };
		523EEE1C2BAEE18300A92314 /* ConversionHistoryItem.swift */ = {isa = PBXFileReference; lastKnownFileType = sourcecode.swift; path = ConversionHistoryItem.swift; sourceTree = "<group>"; };
		523EEE1F2BAEE1BF00A92314 /* ConversionHistoryRepository.swift */ = {isa = PBXFileReference; lastKnownFileType = sourcecode.swift; path = ConversionHistoryRepository.swift; sourceTree = "<group>"; };
		523EEE252BAEE6E200A92314 /* ConversionHistoryView.swift */ = {isa = PBXFileReference; lastKnownFileType = sourcecode.swift; path = ConversionHistoryView.swift; sourceTree = "<group>"; };
		523EEE282BAEE6FF00A92314 /* ConversionHistorySearchBarView.swift */ = {isa = PBXFileReference; lastKnownFileType = sourcecode.swift; path = ConversionHistorySearchBarView.swift; sourceTree = "<group>"; };
		523EEE2E2BAEE92500A92314 /* CurrencyRatesRepository.swift */ = {isa = PBXFileReference; lastKnownFileType = sourcecode.swift; path = CurrencyRatesRepository.swift; sourceTree = "<group>"; };
		523EEE312BAEE96400A92314 /* AppConstants.swift */ = {isa = PBXFileReference; lastKnownFileType = sourcecode.swift; path = AppConstants.swift; sourceTree = "<group>"; };
		523EEE3B2BAF1AA000A92314 /* ConversionHistoryRepositoryType.swift */ = {isa = PBXFileReference; lastKnownFileType = sourcecode.swift; path = ConversionHistoryRepositoryType.swift; sourceTree = "<group>"; };
		523EEE3D2BAF1C3500A92314 /* SaveConversionUseCase.swift */ = {isa = PBXFileReference; lastKnownFileType = sourcecode.swift; path = SaveConversionUseCase.swift; sourceTree = "<group>"; };
		523EEE3F2BAF1D9E00A92314 /* FetchConversionRatesUseCase.swift */ = {isa = PBXFileReference; lastKnownFileType = sourcecode.swift; path = FetchConversionRatesUseCase.swift; sourceTree = "<group>"; };
		523EEE422BAF1DDD00A92314 /* CurrencyRatesRepositoryType.swift */ = {isa = PBXFileReference; lastKnownFileType = sourcecode.swift; path = CurrencyRatesRepositoryType.swift; sourceTree = "<group>"; };
		523EEE452BAF1F9E00A92314 /* Gateway.swift */ = {isa = PBXFileReference; lastKnownFileType = sourcecode.swift; path = Gateway.swift; sourceTree = "<group>"; };
		523EEE482BAF1FE600A92314 /* CurrencyRatesRoute.swift */ = {isa = PBXFileReference; lastKnownFileType = sourcecode.swift; path = CurrencyRatesRoute.swift; sourceTree = "<group>"; };
		523EEE4A2BAF23BA00A92314 /* CurrencyRates.swift */ = {isa = PBXFileReference; lastKnownFileType = sourcecode.swift; path = CurrencyRates.swift; sourceTree = "<group>"; };
		523EEE4C2BAF24C000A92314 /* Loadable.swift */ = {isa = PBXFileReference; lastKnownFileType = sourcecode.swift; path = Loadable.swift; sourceTree = "<group>"; };
		525501C82BB014A6006BDABC /* ConversionViewComposition.swift */ = {isa = PBXFileReference; lastKnownFileType = sourcecode.swift; path = ConversionViewComposition.swift; sourceTree = "<group>"; };
		525501CB2BB0158D006BDABC /* ConversionsViewModel.swift */ = {isa = PBXFileReference; lastKnownFileType = sourcecode.swift; path = ConversionsViewModel.swift; sourceTree = "<group>"; };
		525501CE2BB020DF006BDABC /* ConversionViewRouter.swift */ = {isa = PBXFileReference; lastKnownFileType = sourcecode.swift; path = ConversionViewRouter.swift; sourceTree = "<group>"; };
		525501D12BB0213A006BDABC /* ConversionsHistoryComposition.swift */ = {isa = PBXFileReference; lastKnownFileType = sourcecode.swift; path = ConversionsHistoryComposition.swift; sourceTree = "<group>"; };
		525501D32BB021DD006BDABC /* ConversionsHistoryViewModel.swift */ = {isa = PBXFileReference; lastKnownFileType = sourcecode.swift; path = ConversionsHistoryViewModel.swift; sourceTree = "<group>"; };
		525501D52BB023C6006BDABC /* GetConvertionsHistory.swift */ = {isa = PBXFileReference; lastKnownFileType = sourcecode.swift; path = GetConvertionsHistory.swift; sourceTree = "<group>"; };
		525501D72BB02719006BDABC /* ConversionOperationModel.swift */ = {isa = PBXFileReference; lastKnownFileType = sourcecode.swift; path = ConversionOperationModel.swift; sourceTree = "<group>"; };
		525501DB2BB02C26006BDABC /* UIApplication + Keyboard.swift */ = {isa = PBXFileReference; lastKnownFileType = sourcecode.swift; path = "UIApplication + Keyboard.swift"; sourceTree = "<group>"; };
		525501DD2BB02F9E006BDABC /* CustomError.swift */ = {isa = PBXFileReference; lastKnownFileType = sourcecode.swift; path = CustomError.swift; sourceTree = "<group>"; };
		525501DF2BB03EF3006BDABC /* FavouriteCurrencyUseCase.swift */ = {isa = PBXFileReference; lastKnownFileType = sourcecode.swift; path = FavouriteCurrencyUseCase.swift; sourceTree = "<group>"; };
/* End PBXFileReference section */

/* Begin PBXFrameworksBuildPhase section */
		523EEDE92BAEDC4A00A92314 /* Frameworks */ = {
			isa = PBXFrameworksBuildPhase;
			buildActionMask = 2147483647;
			files = (
			);
			runOnlyForDeploymentPostprocessing = 0;
		};
		523EEDFB2BAEDC4C00A92314 /* Frameworks */ = {
			isa = PBXFrameworksBuildPhase;
			buildActionMask = 2147483647;
			files = (
			);
			runOnlyForDeploymentPostprocessing = 0;
		};
		523EEE052BAEDC4C00A92314 /* Frameworks */ = {
			isa = PBXFrameworksBuildPhase;
			buildActionMask = 2147483647;
			files = (
			);
			runOnlyForDeploymentPostprocessing = 0;
		};
/* End PBXFrameworksBuildPhase section */

/* Begin PBXGroup section */
		523EEDE32BAEDC4A00A92314 = {
			isa = PBXGroup;
			children = (
				523EEDEE2BAEDC4A00A92314 /* CurrencyConvy */,
				523EEE012BAEDC4C00A92314 /* CurrencyConvyTests */,
				523EEE0B2BAEDC4C00A92314 /* CurrencyConvyUITests */,
				523EEDED2BAEDC4A00A92314 /* Products */,
			);
			sourceTree = "<group>";
		};
		523EEDED2BAEDC4A00A92314 /* Products */ = {
			isa = PBXGroup;
			children = (
				523EEDEC2BAEDC4A00A92314 /* CurrencyConvy.app */,
				523EEDFE2BAEDC4C00A92314 /* CurrencyConvyTests.xctest */,
				523EEE082BAEDC4C00A92314 /* CurrencyConvyUITests.xctest */,
			);
			name = Products;
			sourceTree = "<group>";
		};
		523EEDEE2BAEDC4A00A92314 /* CurrencyConvy */ = {
			isa = PBXGroup;
			children = (
				523EEE372BAF18F400A92314 /* Supporting */,
				523EEE362BAF18EA00A92314 /* Scenes */,
				523EEE352BAF18E300A92314 /* Platform */,
				523EEE342BAF18DA00A92314 /* Domain */,
				523EEE2D2BAEE91600A92314 /* Services */,
				523EEDF72BAEDC4C00A92314 /* Preview Content */,
			);
			path = CurrencyConvy;
			sourceTree = "<group>";
		};
		523EEDF72BAEDC4C00A92314 /* Preview Content */ = {
			isa = PBXGroup;
			children = (
				523EEDF82BAEDC4C00A92314 /* Preview Assets.xcassets */,
			);
			path = "Preview Content";
			sourceTree = "<group>";
		};
		523EEE012BAEDC4C00A92314 /* CurrencyConvyTests */ = {
			isa = PBXGroup;
			children = (
				523EEE022BAEDC4C00A92314 /* CurrencyConvyTests.swift */,
			);
			path = CurrencyConvyTests;
			sourceTree = "<group>";
		};
		523EEE0B2BAEDC4C00A92314 /* CurrencyConvyUITests */ = {
			isa = PBXGroup;
			children = (
				523EEE0C2BAEDC4C00A92314 /* CurrencyConvyUITests.swift */,
				523EEE0E2BAEDC4C00A92314 /* CurrencyConvyUITestsLaunchTests.swift */,
			);
			path = CurrencyConvyUITests;
			sourceTree = "<group>";
		};
		523EEE1B2BAEE16A00A92314 /* ConversionHistory */ = {
			isa = PBXGroup;
			children = (
				525501D02BB02127006BDABC /* Composition */,
				523EEE242BAEE69000A92314 /* ViewModel */,
				523EEE232BAEE68B00A92314 /* View */,
			);
			path = ConversionHistory;
			sourceTree = "<group>";
		};
		523EEE212BAEE65F00A92314 /* Conversion */ = {
			isa = PBXGroup;
			children = (
				525501D92BB02748006BDABC /* View */,
				525501CD2BB020CB006BDABC /* Router */,
				525501CA2BB01582006BDABC /* ViewModel */,
				525501C72BB01489006BDABC /* Composition */,
				523EEE2A2BAEE75B00A92314 /* Model */,
			);
			path = Conversion;
			sourceTree = "<group>";
		};
		523EEE232BAEE68B00A92314 /* View */ = {
			isa = PBXGroup;
			children = (
				523EEE272BAEE6EC00A92314 /* Subviews */,
				523EEE252BAEE6E200A92314 /* ConversionHistoryView.swift */,
			);
			path = View;
			sourceTree = "<group>";
		};
		523EEE242BAEE69000A92314 /* ViewModel */ = {
			isa = PBXGroup;
			children = (
				525501D32BB021DD006BDABC /* ConversionsHistoryViewModel.swift */,
			);
			path = ViewModel;
			sourceTree = "<group>";
		};
		523EEE272BAEE6EC00A92314 /* Subviews */ = {
			isa = PBXGroup;
			children = (
				523EEE282BAEE6FF00A92314 /* ConversionHistorySearchBarView.swift */,
			);
			path = Subviews;
			sourceTree = "<group>";
		};
		523EEE2A2BAEE75B00A92314 /* Model */ = {
			isa = PBXGroup;
			children = (
				525501D72BB02719006BDABC /* ConversionOperationModel.swift */,
			);
			path = Model;
			sourceTree = "<group>";
		};
		523EEE2D2BAEE91600A92314 /* Services */ = {
			isa = PBXGroup;
			children = (
				523EEE1F2BAEE1BF00A92314 /* ConversionHistoryRepository.swift */,
				523EEE2E2BAEE92500A92314 /* CurrencyRatesRepository.swift */,
			);
			path = Services;
			sourceTree = "<group>";
		};
		523EEE342BAF18DA00A92314 /* Domain */ = {
			isa = PBXGroup;
			children = (
				523EEE382BAF193200A92314 /* Entities */,
				523EEE392BAF193900A92314 /* Repositories */,
				523EEE3A2BAF194700A92314 /* UseCases */,
			);
			path = Domain;
			sourceTree = "<group>";
		};
		523EEE352BAF18E300A92314 /* Platform */ = {
			isa = PBXGroup;
			children = (
				523EEE442BAF1F9300A92314 /* Network */,
			);
			path = Platform;
			sourceTree = "<group>";
		};
		523EEE362BAF18EA00A92314 /* Scenes */ = {
			isa = PBXGroup;
			children = (
				523EEE212BAEE65F00A92314 /* Conversion */,
				523EEE1B2BAEE16A00A92314 /* ConversionHistory */,
			);
			path = Scenes;
			sourceTree = "<group>";
		};
		523EEE372BAF18F400A92314 /* Supporting */ = {
			isa = PBXGroup;
			children = (
				525501DA2BB02C14006BDABC /* Extensions */,
				523EEDF32BAEDC4A00A92314 /* Item.swift */,
				523EEDF52BAEDC4C00A92314 /* Assets.xcassets */,
				523EEE312BAEE96400A92314 /* AppConstants.swift */,
				523EEDEF2BAEDC4A00A92314 /* CurrencyConvyApp.swift */,
			);
			path = Supporting;
			sourceTree = "<group>";
		};
		523EEE382BAF193200A92314 /* Entities */ = {
			isa = PBXGroup;
			children = (
				523EEE1C2BAEE18300A92314 /* ConversionHistoryItem.swift */,
				523EEE4A2BAF23BA00A92314 /* CurrencyRates.swift */,
			);
			path = Entities;
			sourceTree = "<group>";
		};
		523EEE392BAF193900A92314 /* Repositories */ = {
			isa = PBXGroup;
			children = (
				523EEE3B2BAF1AA000A92314 /* ConversionHistoryRepositoryType.swift */,
				523EEE422BAF1DDD00A92314 /* CurrencyRatesRepositoryType.swift */,
			);
			path = Repositories;
			sourceTree = "<group>";
		};
		523EEE3A2BAF194700A92314 /* UseCases */ = {
			isa = PBXGroup;
			children = (
				523EEE3D2BAF1C3500A92314 /* SaveConversionUseCase.swift */,
				523EEE3F2BAF1D9E00A92314 /* FetchConversionRatesUseCase.swift */,
				525501D52BB023C6006BDABC /* GetConvertionsHistory.swift */,
				525501DF2BB03EF3006BDABC /* FavouriteCurrencyUseCase.swift */,
			);
			path = UseCases;
			sourceTree = "<group>";
		};
		523EEE442BAF1F9300A92314 /* Network */ = {
			isa = PBXGroup;
			children = (
				523EEE472BAF1FD500A92314 /* Routes */,
				523EEE452BAF1F9E00A92314 /* Gateway.swift */,
				523EEE4C2BAF24C000A92314 /* Loadable.swift */,
				525501DD2BB02F9E006BDABC /* CustomError.swift */,
			);
			path = Network;
			sourceTree = "<group>";
		};
		523EEE472BAF1FD500A92314 /* Routes */ = {
			isa = PBXGroup;
			children = (
				523EEE482BAF1FE600A92314 /* CurrencyRatesRoute.swift */,
			);
			path = Routes;
			sourceTree = "<group>";
		};
		525501C72BB01489006BDABC /* Composition */ = {
			isa = PBXGroup;
			children = (
				525501C82BB014A6006BDABC /* ConversionViewComposition.swift */,
			);
			path = Composition;
			sourceTree = "<group>";
		};
		525501CA2BB01582006BDABC /* ViewModel */ = {
			isa = PBXGroup;
			children = (
				525501CB2BB0158D006BDABC /* ConversionsViewModel.swift */,
			);
			path = ViewModel;
			sourceTree = "<group>";
		};
		525501CD2BB020CB006BDABC /* Router */ = {
			isa = PBXGroup;
			children = (
				525501CE2BB020DF006BDABC /* ConversionViewRouter.swift */,
			);
			path = Router;
			sourceTree = "<group>";
		};
		525501D02BB02127006BDABC /* Composition */ = {
			isa = PBXGroup;
			children = (
				525501D12BB0213A006BDABC /* ConversionsHistoryComposition.swift */,
			);
			path = Composition;
			sourceTree = "<group>";
		};
		525501D92BB02748006BDABC /* View */ = {
			isa = PBXGroup;
			children = (
				523EEDF12BAEDC4A00A92314 /* ConversionsContentView.swift */,
			);
			path = View;
			sourceTree = "<group>";
		};
		525501DA2BB02C14006BDABC /* Extensions */ = {
			isa = PBXGroup;
			children = (
				525501DB2BB02C26006BDABC /* UIApplication + Keyboard.swift */,
			);
			path = Extensions;
			sourceTree = "<group>";
		};
/* End PBXGroup section */

/* Begin PBXNativeTarget section */
		523EEDEB2BAEDC4A00A92314 /* CurrencyConvy */ = {
			isa = PBXNativeTarget;
			buildConfigurationList = 523EEE122BAEDC4C00A92314 /* Build configuration list for PBXNativeTarget "CurrencyConvy" */;
			buildPhases = (
				523EEDE82BAEDC4A00A92314 /* Sources */,
				523EEDE92BAEDC4A00A92314 /* Frameworks */,
				523EEDEA2BAEDC4A00A92314 /* Resources */,
			);
			buildRules = (
			);
			dependencies = (
			);
			name = CurrencyConvy;
			productName = CurrencyConvy;
			productReference = 523EEDEC2BAEDC4A00A92314 /* CurrencyConvy.app */;
			productType = "com.apple.product-type.application";
		};
		523EEDFD2BAEDC4C00A92314 /* CurrencyConvyTests */ = {
			isa = PBXNativeTarget;
			buildConfigurationList = 523EEE152BAEDC4C00A92314 /* Build configuration list for PBXNativeTarget "CurrencyConvyTests" */;
			buildPhases = (
				523EEDFA2BAEDC4C00A92314 /* Sources */,
				523EEDFB2BAEDC4C00A92314 /* Frameworks */,
				523EEDFC2BAEDC4C00A92314 /* Resources */,
			);
			buildRules = (
			);
			dependencies = (
				523EEE002BAEDC4C00A92314 /* PBXTargetDependency */,
			);
			name = CurrencyConvyTests;
			productName = CurrencyConvyTests;
			productReference = 523EEDFE2BAEDC4C00A92314 /* CurrencyConvyTests.xctest */;
			productType = "com.apple.product-type.bundle.unit-test";
		};
		523EEE072BAEDC4C00A92314 /* CurrencyConvyUITests */ = {
			isa = PBXNativeTarget;
			buildConfigurationList = 523EEE182BAEDC4C00A92314 /* Build configuration list for PBXNativeTarget "CurrencyConvyUITests" */;
			buildPhases = (
				523EEE042BAEDC4C00A92314 /* Sources */,
				523EEE052BAEDC4C00A92314 /* Frameworks */,
				523EEE062BAEDC4C00A92314 /* Resources */,
			);
			buildRules = (
			);
			dependencies = (
				523EEE0A2BAEDC4C00A92314 /* PBXTargetDependency */,
			);
			name = CurrencyConvyUITests;
			productName = CurrencyConvyUITests;
			productReference = 523EEE082BAEDC4C00A92314 /* CurrencyConvyUITests.xctest */;
			productType = "com.apple.product-type.bundle.ui-testing";
		};
/* End PBXNativeTarget section */

/* Begin PBXProject section */
		523EEDE42BAEDC4A00A92314 /* Project object */ = {
			isa = PBXProject;
			attributes = {
				BuildIndependentTargetsInParallel = 1;
				LastSwiftUpdateCheck = 1500;
				LastUpgradeCheck = 1500;
				TargetAttributes = {
					523EEDEB2BAEDC4A00A92314 = {
						CreatedOnToolsVersion = 15.0;
					};
					523EEDFD2BAEDC4C00A92314 = {
						CreatedOnToolsVersion = 15.0;
						TestTargetID = 523EEDEB2BAEDC4A00A92314;
					};
					523EEE072BAEDC4C00A92314 = {
						CreatedOnToolsVersion = 15.0;
						TestTargetID = 523EEDEB2BAEDC4A00A92314;
					};
				};
			};
			buildConfigurationList = 523EEDE72BAEDC4A00A92314 /* Build configuration list for PBXProject "CurrencyConvy" */;
			compatibilityVersion = "Xcode 14.0";
			developmentRegion = en;
			hasScannedForEncodings = 0;
			knownRegions = (
				en,
				Base,
			);
			mainGroup = 523EEDE32BAEDC4A00A92314;
			productRefGroup = 523EEDED2BAEDC4A00A92314 /* Products */;
			projectDirPath = "";
			projectRoot = "";
			targets = (
				523EEDEB2BAEDC4A00A92314 /* CurrencyConvy */,
				523EEDFD2BAEDC4C00A92314 /* CurrencyConvyTests */,
				523EEE072BAEDC4C00A92314 /* CurrencyConvyUITests */,
			);
		};
/* End PBXProject section */

/* Begin PBXResourcesBuildPhase section */
		523EEDEA2BAEDC4A00A92314 /* Resources */ = {
			isa = PBXResourcesBuildPhase;
			buildActionMask = 2147483647;
			files = (
				523EEDF92BAEDC4C00A92314 /* Preview Assets.xcassets in Resources */,
				523EEDF62BAEDC4C00A92314 /* Assets.xcassets in Resources */,
			);
			runOnlyForDeploymentPostprocessing = 0;
		};
		523EEDFC2BAEDC4C00A92314 /* Resources */ = {
			isa = PBXResourcesBuildPhase;
			buildActionMask = 2147483647;
			files = (
			);
			runOnlyForDeploymentPostprocessing = 0;
		};
		523EEE062BAEDC4C00A92314 /* Resources */ = {
			isa = PBXResourcesBuildPhase;
			buildActionMask = 2147483647;
			files = (
			);
			runOnlyForDeploymentPostprocessing = 0;
		};
/* End PBXResourcesBuildPhase section */

/* Begin PBXSourcesBuildPhase section */
		523EEDE82BAEDC4A00A92314 /* Sources */ = {
			isa = PBXSourcesBuildPhase;
			buildActionMask = 2147483647;
			files = (
				523EEE402BAF1D9E00A92314 /* FetchConversionRatesUseCase.swift in Sources */,
				523EEE4B2BAF23BA00A92314 /* CurrencyRates.swift in Sources */,
				523EEE1D2BAEE18300A92314 /* ConversionHistoryItem.swift in Sources */,
				523EEDF22BAEDC4A00A92314 /* ConversionsContentView.swift in Sources */,
				525501CF2BB020DF006BDABC /* ConversionViewRouter.swift in Sources */,
				523EEE202BAEE1BF00A92314 /* ConversionHistoryRepository.swift in Sources */,
				523EEE462BAF1F9E00A92314 /* Gateway.swift in Sources */,
				523EEE3C2BAF1AA000A92314 /* ConversionHistoryRepositoryType.swift in Sources */,
				523EEE3E2BAF1C3500A92314 /* SaveConversionUseCase.swift in Sources */,
				525501E02BB03EF3006BDABC /* FavouriteCurrencyUseCase.swift in Sources */,
				523EEE322BAEE96400A92314 /* AppConstants.swift in Sources */,
				523EEDF42BAEDC4A00A92314 /* Item.swift in Sources */,
				525501CC2BB0158D006BDABC /* ConversionsViewModel.swift in Sources */,
				523EEE2F2BAEE92500A92314 /* CurrencyRatesRepository.swift in Sources */,
				523EEE4D2BAF24C000A92314 /* Loadable.swift in Sources */,
				525501D22BB0213A006BDABC /* ConversionsHistoryComposition.swift in Sources */,
				525501DE2BB02F9E006BDABC /* CustomError.swift in Sources */,
				525501C92BB014A6006BDABC /* ConversionViewComposition.swift in Sources */,
				523EEE432BAF1DDD00A92314 /* CurrencyRatesRepositoryType.swift in Sources */,
				525501D62BB023C6006BDABC /* GetConvertionsHistory.swift in Sources */,
				525501DC2BB02C26006BDABC /* UIApplication + Keyboard.swift in Sources */,
				525501D82BB02719006BDABC /* ConversionOperationModel.swift in Sources */,
				523EEE492BAF1FE600A92314 /* CurrencyRatesRoute.swift in Sources */,
				525501D42BB021DD006BDABC /* ConversionsHistoryViewModel.swift in Sources */,
				523EEDF02BAEDC4A00A92314 /* CurrencyConvyApp.swift in Sources */,
				523EEE292BAEE6FF00A92314 /* ConversionHistorySearchBarView.swift in Sources */,
				523EEE262BAEE6E200A92314 /* ConversionHistoryView.swift in Sources */,
			);
			runOnlyForDeploymentPostprocessing = 0;
		};
		523EEDFA2BAEDC4C00A92314 /* Sources */ = {
			isa = PBXSourcesBuildPhase;
			buildActionMask = 2147483647;
			files = (
				523EEE032BAEDC4C00A92314 /* CurrencyConvyTests.swift in Sources */,
			);
			runOnlyForDeploymentPostprocessing = 0;
		};
		523EEE042BAEDC4C00A92314 /* Sources */ = {
			isa = PBXSourcesBuildPhase;
			buildActionMask = 2147483647;
			files = (
				523EEE0D2BAEDC4C00A92314 /* CurrencyConvyUITests.swift in Sources */,
				523EEE0F2BAEDC4C00A92314 /* CurrencyConvyUITestsLaunchTests.swift in Sources */,
			);
			runOnlyForDeploymentPostprocessing = 0;
		};
/* End PBXSourcesBuildPhase section */

/* Begin PBXTargetDependency section */
		523EEE002BAEDC4C00A92314 /* PBXTargetDependency */ = {
			isa = PBXTargetDependency;
			target = 523EEDEB2BAEDC4A00A92314 /* CurrencyConvy */;
			targetProxy = 523EEDFF2BAEDC4C00A92314 /* PBXContainerItemProxy */;
		};
		523EEE0A2BAEDC4C00A92314 /* PBXTargetDependency */ = {
			isa = PBXTargetDependency;
			target = 523EEDEB2BAEDC4A00A92314 /* CurrencyConvy */;
			targetProxy = 523EEE092BAEDC4C00A92314 /* PBXContainerItemProxy */;
		};
/* End PBXTargetDependency section */

/* Begin XCBuildConfiguration section */
		523EEE102BAEDC4C00A92314 /* Debug */ = {
			isa = XCBuildConfiguration;
			buildSettings = {
				ALWAYS_SEARCH_USER_PATHS = NO;
				ASSETCATALOG_COMPILER_GENERATE_SWIFT_ASSET_SYMBOL_EXTENSIONS = YES;
				CLANG_ANALYZER_NONNULL = YES;
				CLANG_ANALYZER_NUMBER_OBJECT_CONVERSION = YES_AGGRESSIVE;
				CLANG_CXX_LANGUAGE_STANDARD = "gnu++20";
				CLANG_ENABLE_MODULES = YES;
				CLANG_ENABLE_OBJC_ARC = YES;
				CLANG_ENABLE_OBJC_WEAK = YES;
				CLANG_WARN_BLOCK_CAPTURE_AUTORELEASING = YES;
				CLANG_WARN_BOOL_CONVERSION = YES;
				CLANG_WARN_COMMA = YES;
				CLANG_WARN_CONSTANT_CONVERSION = YES;
				CLANG_WARN_DEPRECATED_OBJC_IMPLEMENTATIONS = YES;
				CLANG_WARN_DIRECT_OBJC_ISA_USAGE = YES_ERROR;
				CLANG_WARN_DOCUMENTATION_COMMENTS = YES;
				CLANG_WARN_EMPTY_BODY = YES;
				CLANG_WARN_ENUM_CONVERSION = YES;
				CLANG_WARN_INFINITE_RECURSION = YES;
				CLANG_WARN_INT_CONVERSION = YES;
				CLANG_WARN_NON_LITERAL_NULL_CONVERSION = YES;
				CLANG_WARN_OBJC_IMPLICIT_RETAIN_SELF = YES;
				CLANG_WARN_OBJC_LITERAL_CONVERSION = YES;
				CLANG_WARN_OBJC_ROOT_CLASS = YES_ERROR;
				CLANG_WARN_QUOTED_INCLUDE_IN_FRAMEWORK_HEADER = YES;
				CLANG_WARN_RANGE_LOOP_ANALYSIS = YES;
				CLANG_WARN_STRICT_PROTOTYPES = YES;
				CLANG_WARN_SUSPICIOUS_MOVE = YES;
				CLANG_WARN_UNGUARDED_AVAILABILITY = YES_AGGRESSIVE;
				CLANG_WARN_UNREACHABLE_CODE = YES;
				CLANG_WARN__DUPLICATE_METHOD_MATCH = YES;
				COPY_PHASE_STRIP = NO;
				DEBUG_INFORMATION_FORMAT = dwarf;
				ENABLE_STRICT_OBJC_MSGSEND = YES;
				ENABLE_TESTABILITY = YES;
				ENABLE_USER_SCRIPT_SANDBOXING = YES;
				GCC_C_LANGUAGE_STANDARD = gnu17;
				GCC_DYNAMIC_NO_PIC = NO;
				GCC_NO_COMMON_BLOCKS = YES;
				GCC_OPTIMIZATION_LEVEL = 0;
				GCC_PREPROCESSOR_DEFINITIONS = (
					"DEBUG=1",
					"$(inherited)",
				);
				GCC_WARN_64_TO_32_BIT_CONVERSION = YES;
				GCC_WARN_ABOUT_RETURN_TYPE = YES_ERROR;
				GCC_WARN_UNDECLARED_SELECTOR = YES;
				GCC_WARN_UNINITIALIZED_AUTOS = YES_AGGRESSIVE;
				GCC_WARN_UNUSED_FUNCTION = YES;
				GCC_WARN_UNUSED_VARIABLE = YES;
				IPHONEOS_DEPLOYMENT_TARGET = 17.0;
				LOCALIZATION_PREFERS_STRING_CATALOGS = YES;
				MTL_ENABLE_DEBUG_INFO = INCLUDE_SOURCE;
				MTL_FAST_MATH = YES;
				ONLY_ACTIVE_ARCH = YES;
				SDKROOT = iphoneos;
				SWIFT_ACTIVE_COMPILATION_CONDITIONS = "DEBUG $(inherited)";
				SWIFT_OPTIMIZATION_LEVEL = "-Onone";
			};
			name = Debug;
		};
		523EEE112BAEDC4C00A92314 /* Release */ = {
			isa = XCBuildConfiguration;
			buildSettings = {
				ALWAYS_SEARCH_USER_PATHS = NO;
				ASSETCATALOG_COMPILER_GENERATE_SWIFT_ASSET_SYMBOL_EXTENSIONS = YES;
				CLANG_ANALYZER_NONNULL = YES;
				CLANG_ANALYZER_NUMBER_OBJECT_CONVERSION = YES_AGGRESSIVE;
				CLANG_CXX_LANGUAGE_STANDARD = "gnu++20";
				CLANG_ENABLE_MODULES = YES;
				CLANG_ENABLE_OBJC_ARC = YES;
				CLANG_ENABLE_OBJC_WEAK = YES;
				CLANG_WARN_BLOCK_CAPTURE_AUTORELEASING = YES;
				CLANG_WARN_BOOL_CONVERSION = YES;
				CLANG_WARN_COMMA = YES;
				CLANG_WARN_CONSTANT_CONVERSION = YES;
				CLANG_WARN_DEPRECATED_OBJC_IMPLEMENTATIONS = YES;
				CLANG_WARN_DIRECT_OBJC_ISA_USAGE = YES_ERROR;
				CLANG_WARN_DOCUMENTATION_COMMENTS = YES;
				CLANG_WARN_EMPTY_BODY = YES;
				CLANG_WARN_ENUM_CONVERSION = YES;
				CLANG_WARN_INFINITE_RECURSION = YES;
				CLANG_WARN_INT_CONVERSION = YES;
				CLANG_WARN_NON_LITERAL_NULL_CONVERSION = YES;
				CLANG_WARN_OBJC_IMPLICIT_RETAIN_SELF = YES;
				CLANG_WARN_OBJC_LITERAL_CONVERSION = YES;
				CLANG_WARN_OBJC_ROOT_CLASS = YES_ERROR;
				CLANG_WARN_QUOTED_INCLUDE_IN_FRAMEWORK_HEADER = YES;
				CLANG_WARN_RANGE_LOOP_ANALYSIS = YES;
				CLANG_WARN_STRICT_PROTOTYPES = YES;
				CLANG_WARN_SUSPICIOUS_MOVE = YES;
				CLANG_WARN_UNGUARDED_AVAILABILITY = YES_AGGRESSIVE;
				CLANG_WARN_UNREACHABLE_CODE = YES;
				CLANG_WARN__DUPLICATE_METHOD_MATCH = YES;
				COPY_PHASE_STRIP = NO;
				DEBUG_INFORMATION_FORMAT = "dwarf-with-dsym";
				ENABLE_NS_ASSERTIONS = NO;
				ENABLE_STRICT_OBJC_MSGSEND = YES;
				ENABLE_USER_SCRIPT_SANDBOXING = YES;
				GCC_C_LANGUAGE_STANDARD = gnu17;
				GCC_NO_COMMON_BLOCKS = YES;
				GCC_WARN_64_TO_32_BIT_CONVERSION = YES;
				GCC_WARN_ABOUT_RETURN_TYPE = YES_ERROR;
				GCC_WARN_UNDECLARED_SELECTOR = YES;
				GCC_WARN_UNINITIALIZED_AUTOS = YES_AGGRESSIVE;
				GCC_WARN_UNUSED_FUNCTION = YES;
				GCC_WARN_UNUSED_VARIABLE = YES;
				IPHONEOS_DEPLOYMENT_TARGET = 17.0;
				LOCALIZATION_PREFERS_STRING_CATALOGS = YES;
				MTL_ENABLE_DEBUG_INFO = NO;
				MTL_FAST_MATH = YES;
				SDKROOT = iphoneos;
				SWIFT_COMPILATION_MODE = wholemodule;
				VALIDATE_PRODUCT = YES;
			};
			name = Release;
		};
		523EEE132BAEDC4C00A92314 /* Debug */ = {
			isa = XCBuildConfiguration;
			buildSettings = {
				ASSETCATALOG_COMPILER_APPICON_NAME = AppIcon;
				ASSETCATALOG_COMPILER_GLOBAL_ACCENT_COLOR_NAME = AccentColor;
				CODE_SIGN_IDENTITY = "Apple Development";
				CODE_SIGN_STYLE = Automatic;
				CURRENT_PROJECT_VERSION = 1;
				DEVELOPMENT_ASSET_PATHS = "\"CurrencyConvy/Preview Content\"";
				DEVELOPMENT_TEAM = 7KHNRUF8TY;
				ENABLE_PREVIEWS = YES;
				GENERATE_INFOPLIST_FILE = YES;
				INFOPLIST_KEY_UIApplicationSceneManifest_Generation = YES;
				INFOPLIST_KEY_UIApplicationSupportsIndirectInputEvents = YES;
				INFOPLIST_KEY_UILaunchScreen_Generation = YES;
				INFOPLIST_KEY_UISupportedInterfaceOrientations_iPad = "UIInterfaceOrientationPortrait UIInterfaceOrientationPortraitUpsideDown UIInterfaceOrientationLandscapeLeft UIInterfaceOrientationLandscapeRight";
				INFOPLIST_KEY_UISupportedInterfaceOrientations_iPhone = "UIInterfaceOrientationPortrait UIInterfaceOrientationLandscapeLeft UIInterfaceOrientationLandscapeRight";
				LD_RUNPATH_SEARCH_PATHS = (
					"$(inherited)",
					"@executable_path/Frameworks",
				);
				MARKETING_VERSION = 1.0;
				PRODUCT_BUNDLE_IDENTIFIER = some.CurrencyConvy;
				PRODUCT_NAME = "$(TARGET_NAME)";
				PROVISIONING_PROFILE_SPECIFIER = "";
				SWIFT_EMIT_LOC_STRINGS = YES;
				SWIFT_VERSION = 5.0;
				TARGETED_DEVICE_FAMILY = "1,2";
			};
			name = Debug;
		};
		523EEE142BAEDC4C00A92314 /* Release */ = {
			isa = XCBuildConfiguration;
			buildSettings = {
				ASSETCATALOG_COMPILER_APPICON_NAME = AppIcon;
				ASSETCATALOG_COMPILER_GLOBAL_ACCENT_COLOR_NAME = AccentColor;
				CODE_SIGN_IDENTITY = "Apple Development";
				CODE_SIGN_STYLE = Automatic;
				CURRENT_PROJECT_VERSION = 1;
				DEVELOPMENT_ASSET_PATHS = "\"CurrencyConvy/Preview Content\"";
				DEVELOPMENT_TEAM = 7KHNRUF8TY;
				ENABLE_PREVIEWS = YES;
				GENERATE_INFOPLIST_FILE = YES;
				INFOPLIST_KEY_UIApplicationSceneManifest_Generation = YES;
				INFOPLIST_KEY_UIApplicationSupportsIndirectInputEvents = YES;
				INFOPLIST_KEY_UILaunchScreen_Generation = YES;
				INFOPLIST_KEY_UISupportedInterfaceOrientations_iPad = "UIInterfaceOrientationPortrait UIInterfaceOrientationPortraitUpsideDown UIInterfaceOrientationLandscapeLeft UIInterfaceOrientationLandscapeRight";
				INFOPLIST_KEY_UISupportedInterfaceOrientations_iPhone = "UIInterfaceOrientationPortrait UIInterfaceOrientationLandscapeLeft UIInterfaceOrientationLandscapeRight";
				LD_RUNPATH_SEARCH_PATHS = (
					"$(inherited)",
					"@executable_path/Frameworks",
				);
				MARKETING_VERSION = 1.0;
				PRODUCT_BUNDLE_IDENTIFIER = some.CurrencyConvy;
				PRODUCT_NAME = "$(TARGET_NAME)";
				PROVISIONING_PROFILE_SPECIFIER = "";
				SWIFT_EMIT_LOC_STRINGS = YES;
				SWIFT_VERSION = 5.0;
				TARGETED_DEVICE_FAMILY = "1,2";
			};
			name = Release;
		};
		523EEE162BAEDC4C00A92314 /* Debug */ = {
			isa = XCBuildConfiguration;
			buildSettings = {
				ALWAYS_EMBED_SWIFT_STANDARD_LIBRARIES = YES;
				BUNDLE_LOADER = "$(TEST_HOST)";
				CODE_SIGN_STYLE = Automatic;
				CURRENT_PROJECT_VERSION = 1;
				GENERATE_INFOPLIST_FILE = YES;
				IPHONEOS_DEPLOYMENT_TARGET = 17.0;
				MARKETING_VERSION = 1.0;
				PRODUCT_BUNDLE_IDENTIFIER = some.CurrencyConvyTests;
				PRODUCT_NAME = "$(TARGET_NAME)";
				SWIFT_EMIT_LOC_STRINGS = NO;
				SWIFT_VERSION = 5.0;
				TARGETED_DEVICE_FAMILY = "1,2";
				TEST_HOST = "$(BUILT_PRODUCTS_DIR)/CurrencyConvy.app/$(BUNDLE_EXECUTABLE_FOLDER_PATH)/CurrencyConvy";
			};
			name = Debug;
		};
		523EEE172BAEDC4C00A92314 /* Release */ = {
			isa = XCBuildConfiguration;
			buildSettings = {
				ALWAYS_EMBED_SWIFT_STANDARD_LIBRARIES = YES;
				BUNDLE_LOADER = "$(TEST_HOST)";
				CODE_SIGN_STYLE = Automatic;
				CURRENT_PROJECT_VERSION = 1;
				GENERATE_INFOPLIST_FILE = YES;
				IPHONEOS_DEPLOYMENT_TARGET = 17.0;
				MARKETING_VERSION = 1.0;
				PRODUCT_BUNDLE_IDENTIFIER = some.CurrencyConvyTests;
				PRODUCT_NAME = "$(TARGET_NAME)";
				SWIFT_EMIT_LOC_STRINGS = NO;
				SWIFT_VERSION = 5.0;
				TARGETED_DEVICE_FAMILY = "1,2";
				TEST_HOST = "$(BUILT_PRODUCTS_DIR)/CurrencyConvy.app/$(BUNDLE_EXECUTABLE_FOLDER_PATH)/CurrencyConvy";
			};
			name = Release;
		};
		523EEE192BAEDC4C00A92314 /* Debug */ = {
			isa = XCBuildConfiguration;
			buildSettings = {
				ALWAYS_EMBED_SWIFT_STANDARD_LIBRARIES = YES;
				CODE_SIGN_STYLE = Automatic;
				CURRENT_PROJECT_VERSION = 1;
				GENERATE_INFOPLIST_FILE = YES;
				MARKETING_VERSION = 1.0;
				PRODUCT_BUNDLE_IDENTIFIER = some.CurrencyConvyUITests;
				PRODUCT_NAME = "$(TARGET_NAME)";
				SWIFT_EMIT_LOC_STRINGS = NO;
				SWIFT_VERSION = 5.0;
				TARGETED_DEVICE_FAMILY = "1,2";
				TEST_TARGET_NAME = CurrencyConvy;
			};
			name = Debug;
		};
		523EEE1A2BAEDC4C00A92314 /* Release */ = {
			isa = XCBuildConfiguration;
			buildSettings = {
				ALWAYS_EMBED_SWIFT_STANDARD_LIBRARIES = YES;
				CODE_SIGN_STYLE = Automatic;
				CURRENT_PROJECT_VERSION = 1;
				GENERATE_INFOPLIST_FILE = YES;
				MARKETING_VERSION = 1.0;
				PRODUCT_BUNDLE_IDENTIFIER = some.CurrencyConvyUITests;
				PRODUCT_NAME = "$(TARGET_NAME)";
				SWIFT_EMIT_LOC_STRINGS = NO;
				SWIFT_VERSION = 5.0;
				TARGETED_DEVICE_FAMILY = "1,2";
				TEST_TARGET_NAME = CurrencyConvy;
			};
			name = Release;
		};
/* End XCBuildConfiguration section */

/* Begin XCConfigurationList section */
		523EEDE72BAEDC4A00A92314 /* Build configuration list for PBXProject "CurrencyConvy" */ = {
			isa = XCConfigurationList;
			buildConfigurations = (
				523EEE102BAEDC4C00A92314 /* Debug */,
				523EEE112BAEDC4C00A92314 /* Release */,
			);
			defaultConfigurationIsVisible = 0;
			defaultConfigurationName = Release;
		};
		523EEE122BAEDC4C00A92314 /* Build configuration list for PBXNativeTarget "CurrencyConvy" */ = {
			isa = XCConfigurationList;
			buildConfigurations = (
				523EEE132BAEDC4C00A92314 /* Debug */,
				523EEE142BAEDC4C00A92314 /* Release */,
			);
			defaultConfigurationIsVisible = 0;
			defaultConfigurationName = Release;
		};
		523EEE152BAEDC4C00A92314 /* Build configuration list for PBXNativeTarget "CurrencyConvyTests" */ = {
			isa = XCConfigurationList;
			buildConfigurations = (
				523EEE162BAEDC4C00A92314 /* Debug */,
				523EEE172BAEDC4C00A92314 /* Release */,
			);
			defaultConfigurationIsVisible = 0;
			defaultConfigurationName = Release;
		};
		523EEE182BAEDC4C00A92314 /* Build configuration list for PBXNativeTarget "CurrencyConvyUITests" */ = {
			isa = XCConfigurationList;
			buildConfigurations = (
				523EEE192BAEDC4C00A92314 /* Debug */,
				523EEE1A2BAEDC4C00A92314 /* Release */,
			);
			defaultConfigurationIsVisible = 0;
			defaultConfigurationName = Release;
		};
/* End XCConfigurationList section */
	};
	rootObject = 523EEDE42BAEDC4A00A92314 /* Project object */;
}
